
Microsoft Visual Studio Solution File, Format Version 12.00
# Visual Studio Version 16
VisualStudioVersion = 16.0.31515.178
MinimumVisualStudioVersion = 10.0.40219.1
Project("{9A19103F-16F7-4668-BE54-9A1E7A4F7556}") = "MovieManagerAPI", "MovieManagerAPI\MovieManagerAPI.csproj", "{BDEDFE3F-1249-48A7-A1F7-F9F5DD485F02}"
EndProject
Project("{FAE04EC0-301F-11D3-BF4B-00C04F79EFBC}") = "MovieManagerAPI.Tests", "MovieManagerAPI.Tests\MovieManagerAPI.Tests.csproj", "{443E1715-F3D8-4B93-919F-7985A47ACC47}"
EndProject
Global
	GlobalSection(SolutionConfigurationPlatforms) = preSolution
		Debug|Any CPU = Debug|Any CPU
		Release|Any CPU = Release|Any CPU
	EndGlobalSection
	GlobalSection(ProjectConfigurationPlatforms) = postSolution
		{BDEDFE3F-1249-48A7-A1F7-F9F5DD485F02}.Debug|Any CPU.ActiveCfg = Debug|Any CPU
		{BDEDFE3F-1249-48A7-A1F7-F9F5DD485F02}.Debug|Any CPU.Build.0 = Debug|Any CPU
		{BDEDFE3F-1249-48A7-A1F7-F9F5DD485F02}.Release|Any CPU.ActiveCfg = Release|Any CPU
		{BDEDFE3F-1249-48A7-A1F7-F9F5DD485F02}.Release|Any CPU.Build.0 = Release|Any CPU
		{443E1715-F3D8-4B93-919F-7985A47ACC47}.Debug|Any CPU.ActiveCfg = Debug|Any CPU
		{443E1715-F3D8-4B93-919F-7985A47ACC47}.Debug|Any CPU.Build.0 = Debug|Any CPU
		{443E1715-F3D8-4B93-919F-7985A47ACC47}.Release|Any CPU.ActiveCfg = Release|Any CPU
		{443E1715-F3D8-4B93-919F-7985A47ACC47}.Release|Any CPU.Build.0 = Release|Any CPU
	EndGlobalSection
	GlobalSection(SolutionProperties) = preSolution
		HideSolutionNode = FALSE
	EndGlobalSection
	GlobalSection(ExtensibilityGlobals) = postSolution
		SolutionGuid = {5B62ACB1-81EA-4634-8F51-7DB322D85C3A}
	EndGlobalSection
EndGlobal
